Microsoft Visual Studio Solution File, Format Version 12.00
# Visual Studio Version 17
VisualStudioVersion = 17.5.2.0
MinimumVisualStudioVersion = 10.0.40219.1
Project("{FAE04EC0-301F-11D3-BF4B-00C04F79EFBC}") = "HMS-Backend", "HMS-Backend\HMS-Backend.csproj", "{67103710-5611-A273-6AE5-A79744E45101}"
EndProject
Project("{FAE04EC0-301F-11D3-BF4B-00C04F79EFBC}") = "HMS-Backend.UnitTests", "HMS-Backend.UnitTests\HMS-Backend.UnitTests.csproj", "{38ECD548-C402-49AB-BCA9-E8AD08DAB5B5}"
EndProject
Global
	GlobalSection(SolutionConfigurationPlatforms) = preSolution
		Debug|Any CPU = Debug|Any CPU
		Release|Any CPU = Release|Any CPU
	EndGlobalSection
	GlobalSection(ProjectConfigurationPlatforms) = postSolution
		{67103710-5611-A273-6AE5-A79744E45101}.Debug|Any CPU.ActiveCfg = Debug|Any CPU
		{67103710-5611-A273-6AE5-A79744E45101}.Debug|Any CPU.Build.0 = Debug|Any CPU
		{67103710-5611-A273-6AE5-A79744E45101}.Release|Any CPU.ActiveCfg = Release|Any CPU
		{67103710-5611-A273-6AE5-A79744E45101}.Release|Any CPU.Build.0 = Release|Any CPU
		{38ECD548-C402-49AB-BCA9-E8AD08DAB5B5}.Debug|Any CPU.ActiveCfg = Debug|Any CPU
		{38ECD548-C402-49AB-BCA9-E8AD08DAB5B5}.Debug|Any CPU.Build.0 = Debug|Any CPU
		{38ECD548-C402-49AB-BCA9-E8AD08DAB5B5}.Release|Any CPU.ActiveCfg = Release|Any CPU
		{38ECD548-C402-49AB-BCA9-E8AD08DAB5B5}.Release|Any CPU.Build.0 = Release|Any CPU
	EndGlobalSection
	GlobalSection(SolutionProperties) = preSolution
		HideSolutionNode = FALSE
	EndGlobalSection
	GlobalSection(ExtensibilityGlobals) = postSolution
		SolutionGuid = {740A56CC-B56D-4BC0-B56B-7FA1A6FD0C9B}
	EndGlobalSection
EndGlobal
